// !$*UTF8*$!
{
	archiveVersion = 1;
	classes = {
	};
	objectVersion = 56;
	objects = {

/* Begin PBXBuildFile section */
		DDC18A642BB2B8C400AE6727 /* BBOTHEAPPApp.swift in Sources */ = {isa = PBXBuildFile; fileRef = DDC18A632BB2B8C400AE6727 /* BBOTHEAPPApp.swift */; };
		DDC18A662BB2B8C400AE6727 /* ContentView.swift in Sources */ = {isa = PBXBuildFile; fileRef = DDC18A652BB2B8C400AE6727 /* ContentView.swift */; };
		DDC18A682BB2B8C600AE6727 /* Assets.xcassets in Resources */ = {isa = PBXBuildFile; fileRef = DDC18A672BB2B8C600AE6727 /* Assets.xcassets */; };
		DDC18A6B2BB2B8C600AE6727 /* Preview Assets.xcassets in Resources */ = {isa = PBXBuildFile; fileRef = DDC18A6A2BB2B8C600AE6727 /* Preview Assets.xcassets */; };
		DDC18A752BB2B8C700AE6727 /* BBOTHEAPPTests.swift in Sources */ = {isa = PBXBuildFile; fileRef = DDC18A742BB2B8C700AE6727 /* BBOTHEAPPTests.swift */; };
		DDC18A7F2BB2B8C700AE6727 /* BBOTHEAPPUITests.swift in Sources */ = {isa = PBXBuildFile; fileRef = DDC18A7E2BB2B8C700AE6727 /* BBOTHEAPPUITests.swift */; };
		DDC18A812BB2B8C700AE6727 /* BBOTHEAPPUITestsLaunchTests.swift in Sources */ = {isa = PBXBuildFile; fileRef = DDC18A802BB2B8C700AE6727 /* BBOTHEAPPUITestsLaunchTests.swift */; };
/* End PBXBuildFile section */

/* Begin PBXContainerItemProxy section */
		DDC18A712BB2B8C700AE6727 /* PBXContainerItemProxy */ = {
			isa = PBXContainerItemProxy;
			containerPortal = DDC18A582BB2B8C400AE6727 /* Project object */;
			proxyType = 1;
			remoteGlobalIDString = DDC18A5F2BB2B8C400AE6727;
			remoteInfo = BBOTHEAPP;
		};
		DDC18A7B2BB2B8C700AE6727 /* PBXContainerItemProxy */ = {
			isa = PBXContainerItemProxy;
			containerPortal = DDC18A582BB2B8C400AE6727 /* Project object */;
			proxyType = 1;
			remoteGlobalIDString = DDC18A5F2BB2B8C400AE6727;
			remoteInfo = BBOTHEAPP;
		};
/* End PBXContainerItemProxy section */

/* Begin PBXFileReference section */
		DDC18A602BB2B8C400AE6727 /* BBOTHEAPP.app */ = {isa = PBXFileReference; explicitFileType = wrapper.application; includeInIndex = 0; path = BBOTHEAPP.app; sourceTree = BUILT_PRODUCTS_DIR; };
		DDC18A632BB2B8C400AE6727 /* BBOTHEAPPApp.swift */ = {isa = PBXFileReference; lastKnownFileType = sourcecode.swift; path = BBOTHEAPPApp.swift; sourceTree = "<group>"; };
		DDC18A652BB2B8C400AE6727 /* ContentView.swift */ = {isa = PBXFileReference; lastKnownFileType = sourcecode.swift; path = ContentView.swift; sourceTree = "<group>"; };
		DDC18A672BB2B8C600AE6727 /* Assets.xcassets */ = {isa = PBXFileReference; lastKnownFileType = folder.assetcatalog; path = Assets.xcassets; sourceTree = "<group>"; };
		DDC18A6A2BB2B8C600AE6727 /* Preview Assets.xcassets */ = {isa = PBXFileReference; lastKnownFileType = folder.assetcatalog; path = "Preview Assets.xcassets"; sourceTree = "<group>"; };
		DDC18A702BB2B8C700AE6727 /* BBOTHEAPPTests.xctest */ = {isa = PBXFileReference; explicitFileType = wrapper.cfbundle; includeInIndex = 0; path = BBOTHEAPPTests.xctest; sourceTree = BUILT_PRODUCTS_DIR; };
		DDC18A742BB2B8C700AE6727 /* BBOTHEAPPTests.swift */ = {isa = PBXFileReference; lastKnownFileType = sourcecode.swift; path = BBOTHEAPPTests.swift; sourceTree = "<group>"; };
		DDC18A7A2BB2B8C700AE6727 /* BBOTHEAPPUITests.xctest */ = {isa = PBXFileReference; explicitFileType = wrapper.cfbundle; includeInIndex = 0; path = BBOTHEAPPUITests.xctest; sourceTree = BUILT_PRODUCTS_DIR; };
		DDC18A7E2BB2B8C700AE6727 /* BBOTHEAPPUITests.swift */ = {isa = PBXFileReference; lastKnownFileType = sourcecode.swift; path = BBOTHEAPPUITests.swift; sourceTree = "<group>"; };
		DDC18A802BB2B8C700AE6727 /* BBOTHEAPPUITestsLaunchTests.swift */ = {isa = PBXFileReference; lastKnownFileType = sourcecode.swift; path = BBOTHEAPPUITestsLaunchTests.swift; sourceTree = "<group>"; };
/* End PBXFileReference section */

/* Begin PBXFrameworksBuildPhase section */
		DDC18A5D2BB2B8C400AE6727 /* Frameworks */ = {
			isa = PBXFrameworksBuildPhase;
			buildActionMask = 2147483647;
			files = (
			);
			runOnlyForDeploymentPostprocessing = 0;
		};
		DDC18A6D2BB2B8C700AE6727 /* Frameworks */ = {
			isa = PBXFrameworksBuildPhase;
			buildActionMask = 2147483647;
			files = (
			);
			runOnlyForDeploymentPostprocessing = 0;
		};
		DDC18A772BB2B8C700AE6727 /* Frameworks */ = {
			isa = PBXFrameworksBuildPhase;
			buildActionMask = 2147483647;
			files = (
			);
			runOnlyForDeploymentPostprocessing = 0;
		};
/* End PBXFrameworksBuildPhase section */

/* Begin PBXGroup section */
		DDC18A572BB2B8C400AE6727 = {
			isa = PBXGroup;
			children = (
				DDC18A622BB2B8C400AE6727 /* BBOTHEAPP */,
				DDC18A732BB2B8C700AE6727 /* BBOTHEAPPTests */,
				DDC18A7D2BB2B8C700AE6727 /* BBOTHEAPPUITests */,
				DDC18A612BB2B8C400AE6727 /* Products */,
			);
			sourceTree = "<group>";
		};
		DDC18A612BB2B8C400AE6727 /* Products */ = {
			isa = PBXGroup;
			children = (
				DDC18A602BB2B8C400AE6727 /* BBOTHEAPP.app */,
				DDC18A702BB2B8C700AE6727 /* BBOTHEAPPTests.xctest */,
				DDC18A7A2BB2B8C700AE6727 /* BBOTHEAPPUITests.xctest */,
			);
			name = Products;
			sourceTree = "<group>";
		};
		DDC18A622BB2B8C400AE6727 /* BBOTHEAPP */ = {
			isa = PBXGroup;
			children = (
				DDC18A632BB2B8C400AE6727 /* BBOTHEAPPApp.swift */,
				DDC18A652BB2B8C400AE6727 /* ContentView.swift */,
				DDC18A672BB2B8C600AE6727 /* Assets.xcassets */,
				DDC18A692BB2B8C600AE6727 /* Preview Content */,
			);
			path = BBOTHEAPP;
			sourceTree = "<group>";
		};
		DDC18A692BB2B8C600AE6727 /* Preview Content */ = {
			isa = PBXGroup;
			children = (
				DDC18A6A2BB2B8C600AE6727 /* Preview Assets.xcassets */,
			);
			path = "Preview Content";
			sourceTree = "<group>";
		};
		DDC18A732BB2B8C700AE6727 /* BBOTHEAPPTests */ = {
			isa = PBXGroup;
			children = (
				DDC18A742BB2B8C700AE6727 /* BBOTHEAPPTests.swift */,
			);
			path = BBOTHEAPPTests;
			sourceTree = "<group>";
		};
		DDC18A7D2BB2B8C700AE6727 /* BBOTHEAPPUITests */ = {
			isa = PBXGroup;
			children = (
				DDC18A7E2BB2B8C700AE6727 /* BBOTHEAPPUITests.swift */,
				DDC18A802BB2B8C700AE6727 /* BBOTHEAPPUITestsLaunchTests.swift */,
			);
			path = BBOTHEAPPUITests;
			sourceTree = "<group>";
		};
/* End PBXGroup section */

/* Begin PBXNativeTarget section */
		DDC18A5F2BB2B8C400AE6727 /* BBOTHEAPP */ = {
			isa = PBXNativeTarget;
			buildConfigurationList = DDC18A842BB2B8C700AE6727 /* Build configuration list for PBXNativeTarget "BBOTHEAPP" */;
			buildPhases = (
				DDC18A5C2BB2B8C400AE6727 /* Sources */,
				DDC18A5D2BB2B8C400AE6727 /* Frameworks */,
				DDC18A5E2BB2B8C400AE6727 /* Resources */,
			);
			buildRules = (
			);
			dependencies = (
			);
			name = BBOTHEAPP;
			productName = BBOTHEAPP;
			productReference = DDC18A602BB2B8C400AE6727 /* BBOTHEAPP.app */;
			productType = "com.apple.product-type.application";
		};
		DDC18A6F2BB2B8C700AE6727 /* BBOTHEAPPTests */ = {
			isa = PBXNativeTarget;
			buildConfigurationList = DDC18A872BB2B8C700AE6727 /* Build configuration list for PBXNativeTarget "BBOTHEAPPTests" */;
			buildPhases = (
				DDC18A6C2BB2B8C700AE6727 /* Sources */,
				DDC18A6D2BB2B8C700AE6727 /* Frameworks */,
				DDC18A6E2BB2B8C700AE6727 /* Resources */,
			);
			buildRules = (
			);
			dependencies = (
				DDC18A722BB2B8C700AE6727 /* PBXTargetDependency */,
			);
			name = BBOTHEAPPTests;
			productName = BBOTHEAPPTests;
			productReference = DDC18A702BB2B8C700AE6727 /* BBOTHEAPPTests.xctest */;
			productType = "com.apple.product-type.bundle.unit-test";
		};
		DDC18A792BB2B8C700AE6727 /* BBOTHEAPPUITests */ = {
			isa = PBXNativeTarget;
			buildConfigurationList = DDC18A8A2BB2B8C700AE6727 /* Build configuration list for PBXNativeTarget "BBOTHEAPPUITests" */;
			buildPhases = (
				DDC18A762BB2B8C700AE6727 /* Sources */,
				DDC18A772BB2B8C700AE6727 /* Frameworks */,
				DDC18A782BB2B8C700AE6727 /* Resources */,
			);
			buildRules = (
			);
			dependencies = (
				DDC18A7C2BB2B8C700AE6727 /* PBXTargetDependency */,
			);
			name = BBOTHEAPPUITests;
			productName = BBOTHEAPPUITests;
			productReference = DDC18A7A2BB2B8C700AE6727 /* BBOTHEAPPUITests.xctest */;
			productType = "com.apple.product-type.bundle.ui-testing";
		};
/* End PBXNativeTarget section */

/* Begin PBXProject section */
		DDC18A582BB2B8C400AE6727 /* Project object */ = {
			isa = PBXProject;
			attributes = {
				BuildIndependentTargetsInParallel = 1;
				LastSwiftUpdateCheck = 1530;
				LastUpgradeCheck = 1530;
				TargetAttributes = {
					DDC18A5F2BB2B8C400AE6727 = {
						CreatedOnToolsVersion = 15.3;
					};
					DDC18A6F2BB2B8C700AE6727 = {
						CreatedOnToolsVersion = 15.3;
						TestTargetID = DDC18A5F2BB2B8C400AE6727;
					};
					DDC18A792BB2B8C700AE6727 = {
						CreatedOnToolsVersion = 15.3;
						TestTargetID = DDC18A5F2BB2B8C400AE6727;
					};
				};
			};
			buildConfigurationList = DDC18A5B2BB2B8C400AE6727 /* Build configuration list for PBXProject "BBOTHEAPP" */;
			compatibilityVersion = "Xcode 14.0";
			developmentRegion = en;
			hasScannedForEncodings = 0;
			knownRegions = (
				en,
				Base,
			);
			mainGroup = DDC18A572BB2B8C400AE6727;
			productRefGroup = DDC18A612BB2B8C400AE6727 /* Products */;
			projectDirPath = "";
			projectRoot = "";
			targets = (
				DDC18A5F2BB2B8C400AE6727 /* BBOTHEAPP */,
				DDC18A6F2BB2B8C700AE6727 /* BBOTHEAPPTests */,
				DDC18A792BB2B8C700AE6727 /* BBOTHEAPPUITests */,
			);
		};
/* End PBXProject section */

/* Begin PBXResourcesBuildPhase section */
		DDC18A5E2BB2B8C400AE6727 /* Resources */ = {
			isa = PBXResourcesBuildPhase;
			buildActionMask = 2147483647;
			files = (
				DDC18A6B2BB2B8C600AE6727 /* Preview Assets.xcassets in Resources */,
				DDC18A682BB2B8C600AE6727 /* Assets.xcassets in Resources */,
			);
			runOnlyForDeploymentPostprocessing = 0;
		};
		DDC18A6E2BB2B8C700AE6727 /* Resources */ = {
			isa = PBXResourcesBuildPhase;
			buildActionMask = 2147483647;
			files = (
			);
			runOnlyForDeploymentPostprocessing = 0;
		};
		DDC18A782BB2B8C700AE6727 /* Resources */ = {
			isa = PBXResourcesBuildPhase;
			buildActionMask = 2147483647;
			files = (
			);
			runOnlyForDeploymentPostprocessing = 0;
		};
/* End PBXResourcesBuildPhase section */

/* Begin PBXSourcesBuildPhase section */
		DDC18A5C2BB2B8C400AE6727 /* Sources */ = {
			isa = PBXSourcesBuildPhase;
			buildActionMask = 2147483647;
			files = (
				DDC18A662BB2B8C400AE6727 /* ContentView.swift in Sources */,
				DDC18A642BB2B8C400AE6727 /* BBOTHEAPPApp.swift in Sources */,
			);
			runOnlyForDeploymentPostprocessing = 0;
		};
		DDC18A6C2BB2B8C700AE6727 /* Sources */ = {
			isa = PBXSourcesBuildPhase;
			buildActionMask = 2147483647;
			files = (
				DDC18A752BB2B8C700AE6727 /* BBOTHEAPPTests.swift in Sources */,
			);
			runOnlyForDeploymentPostprocessing = 0;
		};
		DDC18A762BB2B8C700AE6727 /* Sources */ = {
			isa = PBXSourcesBuildPhase;
			buildActionMask = 2147483647;
			files = (
				DDC18A812BB2B8C700AE6727 /* BBOTHEAPPUITestsLaunchTests.swift in Sources */,
				DDC18A7F2BB2B8C700AE6727 /* BBOTHEAPPUITests.swift in Sources */,
			);
			runOnlyForDeploymentPostprocessing = 0;
		};
/* End PBXSourcesBuildPhase section */

/* Begin PBXTargetDependency section */
		DDC18A722BB2B8C700AE6727 /* PBXTargetDependency */ = {
			isa = PBXTargetDependency;
			target = DDC18A5F2BB2B8C400AE6727 /* BBOTHEAPP */;
			targetProxy = DDC18A712BB2B8C700AE6727 /* PBXContainerItemProxy */;
		};
		DDC18A7C2BB2B8C700AE6727 /* PBXTargetDependency */ = {
			isa = PBXTargetDependency;
			target = DDC18A5F2BB2B8C400AE6727 /* BBOTHEAPP */;
			targetProxy = DDC18A7B2BB2B8C700AE6727 /* PBXContainerItemProxy */;
		};
/* End PBXTargetDependency section */

/* Begin XCBuildConfiguration section */
		DDC18A822BB2B8C700AE6727 /* Debug */ = {
			isa = XCBuildConfiguration;
			buildSettings = {
				ALWAYS_SEARCH_USER_PATHS = NO;
				ASSETCATALOG_COMPILER_GENERATE_SWIFT_ASSET_SYMBOL_EXTENSIONS = YES;
				CLANG_ANALYZER_NONNULL = YES;
				CLANG_ANALYZER_NUMBER_OBJECT_CONVERSION = YES_AGGRESSIVE;
				CLANG_CXX_LANGUAGE_STANDARD = "gnu++20";
				CLANG_ENABLE_MODULES = YES;
				CLANG_ENABLE_OBJC_ARC = YES;
				CLANG_ENABLE_OBJC_WEAK = YES;
				CLANG_WARN_BLOCK_CAPTURE_AUTORELEASING = YES;
				CLANG_WARN_BOOL_CONVERSION = YES;
				CLANG_WARN_COMMA = YES;
				CLANG_WARN_CONSTANT_CONVERSION = YES;
				CLANG_WARN_DEPRECATED_OBJC_IMPLEMENTATIONS = YES;
				CLANG_WARN_DIRECT_OBJC_ISA_USAGE = YES_ERROR;
				CLANG_WARN_DOCUMENTATION_COMMENTS = YES;
				CLANG_WARN_EMPTY_BODY = YES;
				CLANG_WARN_ENUM_CONVERSION = YES;
				CLANG_WARN_INFINITE_RECURSION = YES;
				CLANG_WARN_INT_CONVERSION = YES;
				CLANG_WARN_NON_LITERAL_NULL_CONVERSION = YES;
				CLANG_WARN_OBJC_IMPLICIT_RETAIN_SELF = YES;
				CLANG_WARN_OBJC_LITERAL_CONVERSION = YES;
				CLANG_WARN_OBJC_ROOT_CLASS = YES_ERROR;
				CLANG_WARN_QUOTED_INCLUDE_IN_FRAMEWORK_HEADER = YES;
				CLANG_WARN_RANGE_LOOP_ANALYSIS = YES;
				CLANG_WARN_STRICT_PROTOTYPES = YES;
				CLANG_WARN_SUSPICIOUS_MOVE = YES;
				CLANG_WARN_UNGUARDED_AVAILABILITY = YES_AGGRESSIVE;
				CLANG_WARN_UNREACHABLE_CODE = YES;
				CLANG_WARN__DUPLICATE_METHOD_MATCH = YES;
				COPY_PHASE_STRIP = NO;
				DEBUG_INFORMATION_FORMAT = dwarf;
				ENABLE_STRICT_OBJC_MSGSEND = YES;
				ENABLE_TESTABILITY = YES;
				ENABLE_USER_SCRIPT_SANDBOXING = YES;
				GCC_C_LANGUAGE_STANDARD = gnu17;
				GCC_DYNAMIC_NO_PIC = NO;
				GCC_NO_COMMON_BLOCKS = YES;
				GCC_OPTIMIZATION_LEVEL = 0;
				GCC_PREPROCESSOR_DEFINITIONS = (
					"DEBUG=1",
					"$(inherited)",
				);
				GCC_WARN_64_TO_32_BIT_CONVERSION = YES;
				GCC_WARN_ABOUT_RETURN_TYPE = YES_ERROR;
				GCC_WARN_UNDECLARED_SELECTOR = YES;
				GCC_WARN_UNINITIALIZED_AUTOS = YES_AGGRESSIVE;
				GCC_WARN_UNUSED_FUNCTION = YES;
				GCC_WARN_UNUSED_VARIABLE = YES;
				IPHONEOS_DEPLOYMENT_TARGET = 17.4;
				LOCALIZATION_PREFERS_STRING_CATALOGS = YES;
				MTL_ENABLE_DEBUG_INFO = INCLUDE_SOURCE;
				MTL_FAST_MATH = YES;
				ONLY_ACTIVE_ARCH = YES;
				SDKROOT = iphoneos;
				SWIFT_ACTIVE_COMPILATION_CONDITIONS = "DEBUG $(inherited)";
				SWIFT_OPTIMIZATION_LEVEL = "-Onone";
			};
			name = Debug;
		};
		DDC18A832BB2B8C700AE6727 /* Release */ = {
			isa = XCBuildConfiguration;
			buildSettings = {
				ALWAYS_SEARCH_USER_PATHS = NO;
				ASSETCATALOG_COMPILER_GENERATE_SWIFT_ASSET_SYMBOL_EXTENSIONS = YES;
				CLANG_ANALYZER_NONNULL = YES;
				CLANG_ANALYZER_NUMBER_OBJECT_CONVERSION = YES_AGGRESSIVE;
				CLANG_CXX_LANGUAGE_STANDARD = "gnu++20";
				CLANG_ENABLE_MODULES = YES;
				CLANG_ENABLE_OBJC_ARC = YES;
				CLANG_ENABLE_OBJC_WEAK = YES;
				CLANG_WARN_BLOCK_CAPTURE_AUTORELEASING = YES;
				CLANG_WARN_BOOL_CONVERSION = YES;
				CLANG_WARN_COMMA = YES;
				CLANG_WARN_CONSTANT_CONVERSION = YES;
				CLANG_WARN_DEPRECATED_OBJC_IMPLEMENTATIONS = YES;
				CLANG_WARN_DIRECT_OBJC_ISA_USAGE = YES_ERROR;
				CLANG_WARN_DOCUMENTATION_COMMENTS = YES;
				CLANG_WARN_EMPTY_BODY = YES;
				CLANG_WARN_ENUM_CONVERSION = YES;
				CLANG_WARN_INFINITE_RECURSION = YES;
				CLANG_WARN_INT_CONVERSION = YES;
				CLANG_WARN_NON_LITERAL_NULL_CONVERSION = YES;
				CLANG_WARN_OBJC_IMPLICIT_RETAIN_SELF = YES;
				CLANG_WARN_OBJC_LITERAL_CONVERSION = YES;
				CLANG_WARN_OBJC_ROOT_CLASS = YES_ERROR;
				CLANG_WARN_QUOTED_INCLUDE_IN_FRAMEWORK_HEADER = YES;
				CLANG_WARN_RANGE_LOOP_ANALYSIS = YES;
				CLANG_WARN_STRICT_PROTOTYPES = YES;
				CLANG_WARN_SUSPICIOUS_MOVE = YES;
				CLANG_WARN_UNGUARDED_AVAILABILITY = YES_AGGRESSIVE;
				CLANG_WARN_UNREACHABLE_CODE = YES;
				CLANG_WARN__DUPLICATE_METHOD_MATCH = YES;
				COPY_PHASE_STRIP = NO;
				DEBUG_INFORMATION_FORMAT = "dwarf-with-dsym";
				ENABLE_NS_ASSERTIONS = NO;
				ENABLE_STRICT_OBJC_MSGSEND = YES;
				ENABLE_USER_SCRIPT_SANDBOXING = YES;
				GCC_C_LANGUAGE_STANDARD = gnu17;
				GCC_NO_COMMON_BLOCKS = YES;
				GCC_WARN_64_TO_32_BIT_CONVERSION = YES;
				GCC_WARN_ABOUT_RETURN_TYPE = YES_ERROR;
				GCC_WARN_UNDECLARED_SELECTOR = YES;
				GCC_WARN_UNINITIALIZED_AUTOS = YES_AGGRESSIVE;
				GCC_WARN_UNUSED_FUNCTION = YES;
				GCC_WARN_UNUSED_VARIABLE = YES;
				IPHONEOS_DEPLOYMENT_TARGET = 17.4;
				LOCALIZATION_PREFERS_STRING_CATALOGS = YES;
				MTL_ENABLE_DEBUG_INFO = NO;
				MTL_FAST_MATH = YES;
				SDKROOT = iphoneos;
				SWIFT_COMPILATION_MODE = wholemodule;
				VALIDATE_PRODUCT = YES;
			};
			name = Release;
		};
		DDC18A852BB2B8C700AE6727 /* Debug */ = {
			isa = XCBuildConfiguration;
			buildSettings = {
				ASSETCATALOG_COMPILER_APPICON_NAME = AppIcon;
				ASSETCATALOG_COMPILER_GLOBAL_ACCENT_COLOR_NAME = AccentColor;
				CODE_SIGN_STYLE = Automatic;
				CURRENT_PROJECT_VERSION = 1;
				DEVELOPMENT_ASSET_PATHS = "\"BBOTHEAPP/Preview Content\"";
				ENABLE_PREVIEWS = YES;
				GENERATE_INFOPLIST_FILE = YES;
				INFOPLIST_KEY_UIApplicationSceneManifest_Generation = YES;
				INFOPLIST_KEY_UIApplicationSupportsIndirectInputEvents = YES;
				INFOPLIST_KEY_UILaunchScreen_Generation = YES;
				INFOPLIST_KEY_UISupportedInterfaceOrientations_iPad = "UIInterfaceOrientationPortrait UIInterfaceOrientationPortraitUpsideDown UIInterfaceOrientationLandscapeLeft UIInterfaceOrientationLandscapeRight";
				INFOPLIST_KEY_UISupportedInterfaceOrientations_iPhone = "UIInterfaceOrientationPortrait UIInterfaceOrientationLandscapeLeft UIInterfaceOrientationLandscapeRight";
				LD_RUNPATH_SEARCH_PATHS = (
					"$(inherited)",
					"@executable_path/Frameworks",
				);
				MARKETING_VERSION = 1.0;
				PRODUCT_BUNDLE_IDENTIFIER = bbotheapp.com.BBOTHEAPP;
				PRODUCT_NAME = "$(TARGET_NAME)";
				SWIFT_EMIT_LOC_STRINGS = YES;
				SWIFT_VERSION = 5.0;
				TARGETED_DEVICE_FAMILY = "1,2";
			};
			name = Debug;
		};
		DDC18A862BB2B8C700AE6727 /* Release */ = {
			isa = XCBuildConfiguration;
			buildSettings = {
				ASSETCATALOG_COMPILER_APPICON_NAME = AppIcon;
				ASSETCATALOG_COMPILER_GLOBAL_ACCENT_COLOR_NAME = AccentColor;
				CODE_SIGN_STYLE = Automatic;
				CURRENT_PROJECT_VERSION = 1;
				DEVELOPMENT_ASSET_PATHS = "\"BBOTHEAPP/Preview Content\"";
				ENABLE_PREVIEWS = YES;
				GENERATE_INFOPLIST_FILE = YES;
				INFOPLIST_KEY_UIApplicationSceneManifest_Generation = YES;
				INFOPLIST_KEY_UIApplicationSupportsIndirectInputEvents = YES;
				INFOPLIST_KEY_UILaunchScreen_Generation = YES;
				INFOPLIST_KEY_UISupportedInterfaceOrientations_iPad = "UIInterfaceOrientationPortrait UIInterfaceOrientationPortraitUpsideDown UIInterfaceOrientationLandscapeLeft UIInterfaceOrientationLandscapeRight";
				INFOPLIST_KEY_UISupportedInterfaceOrientations_iPhone = "UIInterfaceOrientationPortrait UIInterfaceOrientationLandscapeLeft UIInterfaceOrientationLandscapeRight";
				LD_RUNPATH_SEARCH_PATHS = (
					"$(inherited)",
					"@executable_path/Frameworks",
				);
				MARKETING_VERSION = 1.0;
				PRODUCT_BUNDLE_IDENTIFIER = bbotheapp.com.BBOTHEAPP;
				PRODUCT_NAME = "$(TARGET_NAME)";
				SWIFT_EMIT_LOC_STRINGS = YES;
				SWIFT_VERSION = 5.0;
				TARGETED_DEVICE_FAMILY = "1,2";
			};
			name = Release;
		};
		DDC18A882BB2B8C700AE6727 /* Debug */ = {
			isa = XCBuildConfiguration;
			buildSettings = {
				ALWAYS_EMBED_SWIFT_STANDARD_LIBRARIES = YES;
				BUNDLE_LOADER = "$(TEST_HOST)";
				CODE_SIGN_STYLE = Automatic;
				CURRENT_PROJECT_VERSION = 1;
				GENERATE_INFOPLIST_FILE = YES;
				IPHONEOS_DEPLOYMENT_TARGET = 17.4;
				MARKETING_VERSION = 1.0;
				PRODUCT_BUNDLE_IDENTIFIER = bbotheapp.com.BBOTHEAPPTests;
				PRODUCT_NAME = "$(TARGET_NAME)";
				SWIFT_EMIT_LOC_STRINGS = NO;
				SWIFT_VERSION = 5.0;
				TARGETED_DEVICE_FAMILY = "1,2";
				TEST_HOST = "$(BUILT_PRODUCTS_DIR)/BBOTHEAPP.app/$(BUNDLE_EXECUTABLE_FOLDER_PATH)/BBOTHEAPP";
			};
			name = Debug;
		};
		DDC18A892BB2B8C700AE6727 /* Release */ = {
			isa = XCBuildConfiguration;
			buildSettings = {
				ALWAYS_EMBED_SWIFT_STANDARD_LIBRARIES = YES;
				BUNDLE_LOADER = "$(TEST_HOST)";
				CODE_SIGN_STYLE = Automatic;
				CURRENT_PROJECT_VERSION = 1;
				GENERATE_INFOPLIST_FILE = YES;
				IPHONEOS_DEPLOYMENT_TARGET = 17.4;
				MARKETING_VERSION = 1.0;
				PRODUCT_BUNDLE_IDENTIFIER = bbotheapp.com.BBOTHEAPPTests;
				PRODUCT_NAME = "$(TARGET_NAME)";
				SWIFT_EMIT_LOC_STRINGS = NO;
				SWIFT_VERSION = 5.0;
				TARGETED_DEVICE_FAMILY = "1,2";
				TEST_HOST = "$(BUILT_PRODUCTS_DIR)/BBOTHEAPP.app/$(BUNDLE_EXECUTABLE_FOLDER_PATH)/BBOTHEAPP";
			};
			name = Release;
		};
		DDC18A8B2BB2B8C700AE6727 /* Debug */ = {
			isa = XCBuildConfiguration;
			buildSettings = {
				ALWAYS_EMBED_SWIFT_STANDARD_LIBRARIES = YES;
				CODE_SIGN_STYLE = Automatic;
				CURRENT_PROJECT_VERSION = 1;
				GENERATE_INFOPLIST_FILE = YES;
				MARKETING_VERSION = 1.0;
				PRODUCT_BUNDLE_IDENTIFIER = bbotheapp.com.BBOTHEAPPUITests;
				PRODUCT_NAME = "$(TARGET_NAME)";
				SWIFT_EMIT_LOC_STRINGS = NO;
				SWIFT_VERSION = 5.0;
				TARGETED_DEVICE_FAMILY = "1,2";
				TEST_TARGET_NAME = BBOTHEAPP;
			};
			name = Debug;
		};
		DDC18A8C2BB2B8C700AE6727 /* Release */ = {
			isa = XCBuildConfiguration;
			buildSettings = {
				ALWAYS_EMBED_SWIFT_STANDARD_LIBRARIES = YES;
				CODE_SIGN_STYLE = Automatic;
				CURRENT_PROJECT_VERSION = 1;
				GENERATE_INFOPLIST_FILE = YES;
				MARKETING_VERSION = 1.0;
				PRODUCT_BUNDLE_IDENTIFIER = bbotheapp.com.BBOTHEAPPUITests;
				PRODUCT_NAME = "$(TARGET_NAME)";
				SWIFT_EMIT_LOC_STRINGS = NO;
				SWIFT_VERSION = 5.0;
				TARGETED_DEVICE_FAMILY = "1,2";
				TEST_TARGET_NAME = BBOTHEAPP;
			};
			name = Release;
		};
/* End XCBuildConfiguration section */

/* Begin XCConfigurationList section */
		DDC18A5B2BB2B8C400AE6727 /* Build configuration list for PBXProject "BBOTHEAPP" */ = {
			isa = XCConfigurationList;
			buildConfigurations = (
				DDC18A822BB2B8C700AE6727 /* Debug */,
				DDC18A832BB2B8C700AE6727 /* Release */,
			);
			defaultConfigurationIsVisible = 0;
			defaultConfigurationName = Release;
		};
		DDC18A842BB2B8C700AE6727 /* Build configuration list for PBXNativeTarget "BBOTHEAPP" */ = {
			isa = XCConfigurationList;
			buildConfigurations = (
				DDC18A852BB2B8C700AE6727 /* Debug */,
				DDC18A862BB2B8C700AE6727 /* Release */,
			);
			defaultConfigurationIsVisible = 0;
			defaultConfigurationName = Release;
		};
		DDC18A872BB2B8C700AE6727 /* Build configuration list for PBXNativeTarget "BBOTHEAPPTests" */ = {
			isa = XCConfigurationList;
			buildConfigurations = (
				DDC18A882BB2B8C700AE6727 /* Debug */,
				DDC18A892BB2B8C700AE6727 /* Release */,
			);
			defaultConfigurationIsVisible = 0;
			defaultConfigurationName = Release;
		};
		DDC18A8A2BB2B8C700AE6727 /* Build configuration list for PBXNativeTarget "BBOTHEAPPUITests" */ = {
			isa = XCConfigurationList;
			buildConfigurations = (
				DDC18A8B2BB2B8C700AE6727 /* Debug */,
				DDC18A8C2BB2B8C700AE6727 /* Release */,
			);
			defaultConfigurationIsVisible = 0;
			defaultConfigurationName = Release;
		};
/* End XCConfigurationList section */
	};
	rootObject = DDC18A582BB2B8C400AE6727 /* Project object */;
}
